PODS:
  - Bugsnag (3.1.0):
    - Reachability
  - FontAwesome-iOS (0.0.3)
  - MBProgressHUD (0.8)
  - Reachability (3.1.1)
  - socket.IO (0.4.0.1):
    - SocketRocket (~> 0.2)
  - SocketRocket (0.3.1-beta2)

DEPENDENCIES:
  - Bugsnag
  - FontAwesome-iOS
  - MBProgressHUD
  - socket.IO

SPEC CHECKSUMS:
  Bugsnag: 7a61040b4be9fa2b51a34e87e1da2007b6640637
  FontAwesome-iOS: 354da71a6e0aa07370973c42a79f55437961f611
  MBProgressHUD: 2bbc6f470111daf7f3eaa4eb12b8cbf01c4c0622
  Reachability: be4883bb93f31e38266ae3365e5600a317aae735
  socket.IO: 88132f82db2700840686a8b0de68875eadca2009
  SocketRocket: 7ac946bcce46287a791dfff3c1f8daa692821dae

COCOAPODS: 0.26.2
